// !$*UTF8*$!
{
	archiveVersion = 1;
	classes = {
	};
	objectVersion = 50;
	objects = {

/* Begin PBXBuildFile section */
		5F0CABF5245F479F005EF8BD /* AppDelegate.swift in Sources */ = {isa = PBXBuildFile; fileRef = 5F0CABF4245F479F005EF8BD /* AppDelegate.swift */; };
		5F0CABF7245F479F005EF8BD /* SceneDelegate.swift in Sources */ = {isa = PBXBuildFile; fileRef = 5F0CABF6245F479F005EF8BD /* SceneDelegate.swift */; };
		5F0CABF9245F479F005EF8BD /* ViewController.swift in Sources */ = {isa = PBXBuildFile; fileRef = 5F0CABF8245F479F005EF8BD /* ViewController.swift */; };
		5F0CABFC245F479F005EF8BD /* Main.storyboard in Resources */ = {isa = PBXBuildFile; fileRef = 5F0CABFA245F479F005EF8BD /* Main.storyboard */; };
		5F0CABFE245F47A1005EF8BD /* Assets.xcassets in Resources */ = {isa = PBXBuildFile; fileRef = 5F0CABFD245F47A1005EF8BD /* Assets.xcassets */; };
		5F0CAC01245F47A1005EF8BD /* LaunchScreen.storyboard in Resources */ = {isa = PBXBuildFile; fileRef = 5F0CABFF245F47A1005EF8BD /* LaunchScreen.storyboard */; };
		5F0CAC09245F47EB005EF8BD /* PokemonCell.xib in Resources */ = {isa = PBXBuildFile; fileRef = 5F0CAC08245F47EB005EF8BD /* PokemonCell.xib */; };
		5F0CAC0B245F4817005EF8BD /* Pokemon.swift in Sources */ = {isa = PBXBuildFile; fileRef = 5F0CAC0A245F4817005EF8BD /* Pokemon.swift */; };
		5F0CAC0D245F483A005EF8BD /* PokemonCell.swift in Sources */ = {isa = PBXBuildFile; fileRef = 5F0CAC0C245F483A005EF8BD /* PokemonCell.swift */; };
		5F9E313C246344040026748C /* InfoPokemonViewController.swift in Sources */ = {isa = PBXBuildFile; fileRef = 5F9E313B246344040026748C /* InfoPokemonViewController.swift */; };
/* End PBXBuildFile section */

/* Begin PBXFileReference section */
		5F0CABF1245F479F005EF8BD /* PokemonList.app */ = {isa = PBXFileReference; explicitFileType = wrapper.application; includeInIndex = 0; path = PokemonList.app; sourceTree = BUILT_PRODUCTS_DIR; };
		5F0CABF4245F479F005EF8BD /* AppDelegate.swift */ = {isa = PBXFileReference; lastKnownFileType = sourcecode.swift; path = AppDelegate.swift; sourceTree = "<group>"; };
		5F0CABF6245F479F005EF8BD /* SceneDelegate.swift */ = {isa = PBXFileReference; lastKnownFileType = sourcecode.swift; path = SceneDelegate.swift; sourceTree = "<group>"; };
		5F0CABF8245F479F005EF8BD /* ViewController.swift */ = {isa = PBXFileReference; lastKnownFileType = sourcecode.swift; path = ViewController.swift; sourceTree = "<group>"; };
		5F0CABFB245F479F005EF8BD /* Base */ = {isa = PBXFileReference; lastKnownFileType = file.storyboard; name = Base; path = Base.lproj/Main.storyboard; sourceTree = "<group>"; };
		5F0CABFD245F47A1005EF8BD /* Assets.xcassets */ = {isa = PBXFileReference; lastKnownFileType = folder.assetcatalog; path = Assets.xcassets; sourceTree = "<group>"; };
		5F0CAC00245F47A1005EF8BD /* Base */ = {isa = PBXFileReference; lastKnownFileType = file.storyboard; name = Base; path = Base.lproj/LaunchScreen.storyboard; sourceTree = "<group>"; };
		5F0CAC02245F47A1005EF8BD /* Info.plist */ = {isa = PBXFileReference; lastKnownFileType = text.plist.xml; path = Info.plist; sourceTree = "<group>"; };
		5F0CAC08245F47EB005EF8BD /* PokemonCell.xib */ = {isa = PBXFileReference; lastKnownFileType = file.xib; path = PokemonCell.xib; sourceTree = "<group>"; };
		5F0CAC0A245F4817005EF8BD /* Pokemon.swift */ = {isa = PBXFileReference; lastKnownFileType = sourcecode.swift; path = Pokemon.swift; sourceTree = "<group>"; };
		5F0CAC0C245F483A005EF8BD /* PokemonCell.swift */ = {isa = PBXFileReference; lastKnownFileType = sourcecode.swift; path = PokemonCell.swift; sourceTree = "<group>"; };
		5F9E313B246344040026748C /* InfoPokemonViewController.swift */ = {isa = PBXFileReference; lastKnownFileType = sourcecode.swift; path = InfoPokemonViewController.swift; sourceTree = "<group>"; };
/* End PBXFileReference section */

/* Begin PBXFrameworksBuildPhase section */
		5F0CABEE245F479F005EF8BD /* Frameworks */ = {
			isa = PBXFrameworksBuildPhase;
			buildActionMask = 2147483647;
			files = (
			);
			runOnlyForDeploymentPostprocessing = 0;
		};
/* End PBXFrameworksBuildPhase section */

/* Begin PBXGroup section */
		5F0CABE8245F479F005EF8BD = {
			isa = PBXGroup;
			children = (
				5F0CABF3245F479F005EF8BD /* PokemonList */,
				5F0CABF2245F479F005EF8BD /* Products */,
			);
			sourceTree = "<group>";
		};
		5F0CABF2245F479F005EF8BD /* Products */ = {
			isa = PBXGroup;
			children = (
				5F0CABF1245F479F005EF8BD /* PokemonList.app */,
			);
			name = Products;
			sourceTree = "<group>";
		};
		5F0CABF3245F479F005EF8BD /* PokemonList */ = {
			isa = PBXGroup;
			children = (
				5F0CABF4245F479F005EF8BD /* AppDelegate.swift */,
				5F0CABF6245F479F005EF8BD /* SceneDelegate.swift */,
				5F0CABF8245F479F005EF8BD /* ViewController.swift */,
				5F0CAC0A245F4817005EF8BD /* Pokemon.swift */,
				5F9E313B246344040026748C /* InfoPokemonViewController.swift */,
				5F0CAC0C245F483A005EF8BD /* PokemonCell.swift */,
				5F0CABFA245F479F005EF8BD /* Main.storyboard */,
				5F0CAC08245F47EB005EF8BD /* PokemonCell.xib */,
				5F0CABFD245F47A1005EF8BD /* Assets.xcassets */,
				5F0CABFF245F47A1005EF8BD /* LaunchScreen.storyboard */,
				5F0CAC02245F47A1005EF8BD /* Info.plist */,
			);
			path = PokemonList;
			sourceTree = "<group>";
		};
/* End PBXGroup section */

/* Begin PBXNativeTarget section */
		5F0CABF0245F479F005EF8BD /* PokemonList */ = {
			isa = PBXNativeTarget;
			buildConfigurationList = 5F0CAC05245F47A1005EF8BD /* Build configuration list for PBXNativeTarget "PokemonList" */;
			buildPhases = (
				5F0CABED245F479F005EF8BD /* Sources */,
				5F0CABEE245F479F005EF8BD /* Frameworks */,
				5F0CABEF245F479F005EF8BD /* Resources */,
			);
			buildRules = (
			);
			dependencies = (
			);
			name = PokemonList;
			productName = PokemonList;
			productReference = 5F0CABF1245F479F005EF8BD /* PokemonList.app */;
			productType = "com.apple.product-type.application";
		};
/* End PBXNativeTarget section */

/* Begin PBXProject section */
		5F0CABE9245F479F005EF8BD /* Project object */ = {
			isa = PBXProject;
			attributes = {
				LastSwiftUpdateCheck = 1140;
				LastUpgradeCheck = 1140;
				ORGANIZATIONNAME = "Chinh Dinh";
				TargetAttributes = {
					5F0CABF0245F479F005EF8BD = {
						CreatedOnToolsVersion = 11.4;
					};
				};
			};
			buildConfigurationList = 5F0CABEC245F479F005EF8BD /* Build configuration list for PBXProject "PokemonList" */;
			compatibilityVersion = "Xcode 9.3";
			developmentRegion = en;
			hasScannedForEncodings = 0;
			knownRegions = (
				en,
				Base,
			);
			mainGroup = 5F0CABE8245F479F005EF8BD;
			productRefGroup = 5F0CABF2245F479F005EF8BD /* Products */;
			projectDirPath = "";
			projectRoot = "";
			targets = (
				5F0CABF0245F479F005EF8BD /* PokemonList */,
			);
		};
/* End PBXProject section */

/* Begin PBXResourcesBuildPhase section */
		5F0CABEF245F479F005EF8BD /* Resources */ = {
			isa = PBXResourcesBuildPhase;
			buildActionMask = 2147483647;
			files = (
				5F0CAC01245F47A1005EF8BD /* LaunchScreen.storyboard in Resources */,
				5F0CAC09245F47EB005EF8BD /* PokemonCell.xib in Resources */,
				5F0CABFE245F47A1005EF8BD /* Assets.xcassets in Resources */,
				5F0CABFC245F479F005EF8BD /* Main.storyboard in Resources */,
			);
			runOnlyForDeploymentPostprocessing = 0;
		};
/* End PBXResourcesBuildPhase section */

/* Begin PBXSourcesBuildPhase section */
		5F0CABED245F479F005EF8BD /* Sources */ = {
			isa = PBXSourcesBuildPhase;
			buildActionMask = 2147483647;
			files = (
				5F9E313C246344040026748C /* InfoPokemonViewController.swift in Sources */,
				5F0CAC0D245F483A005EF8BD /* PokemonCell.swift in Sources */,
				5F0CABF9245F479F005EF8BD /* ViewController.swift in Sources */,
				5F0CAC0B245F4817005EF8BD /* Pokemon.swift in Sources */,
				5F0CABF5245F479F005EF8BD /* AppDelegate.swift in Sources */,
				5F0CABF7245F479F005EF8BD /* SceneDelegate.swift in Sources */,
			);
			runOnlyForDeploymentPostprocessing = 0;
		};
/* End PBXSourcesBuildPhase section */

/* Begin PBXVariantGroup section */
		5F0CABFA245F479F005EF8BD /* Main.storyboard */ = {
			isa = PBXVariantGroup;
			children = (
				5F0CABFB245F479F005EF8BD /* Base */,
			);
			name = Main.storyboard;
			sourceTree = "<group>";
		};
		5F0CABFF245F47A1005EF8BD /* LaunchScreen.storyboard */ = {
			isa = PBXVariantGroup;
			children = (
				5F0CAC00245F47A1005EF8BD /* Base */,
			);
			name = LaunchScreen.storyboard;
			sourceTree = "<group>";
		};
/* End PBXVariantGroup section */

/* Begin XCBuildConfiguration section */
		5F0CAC03245F47A1005EF8BD /* Debug */ = {
			isa = XCBuildConfiguration;
			buildSettings = {
				ALWAYS_SEARCH_USER_PATHS = NO;
				CLANG_ANALYZER_NONNULL = YES;
				CLANG_ANALYZER_NUMBER_OBJECT_CONVERSION = YES_AGGRESSIVE;
				CLANG_CXX_LANGUAGE_STANDARD = "gnu++14";
				CLANG_CXX_LIBRARY = "libc++";
				CLANG_ENABLE_MODULES = YES;
				CLANG_ENABLE_OBJC_ARC = YES;
				CLANG_ENABLE_OBJC_WEAK = YES;
				CLANG_WARN_BLOCK_CAPTURE_AUTORELEASING = YES;
				CLANG_WARN_BOOL_CONVERSION = YES;
				CLANG_WARN_COMMA = YES;
				CLANG_WARN_CONSTANT_CONVERSION = YES;
				CLANG_WARN_DEPRECATED_OBJC_IMPLEMENTATIONS = YES;
				CLANG_WARN_DIRECT_OBJC_ISA_USAGE = YES_ERROR;
				CLANG_WARN_DOCUMENTATION_COMMENTS = YES;
				CLANG_WARN_EMPTY_BODY = YES;
				CLANG_WARN_ENUM_CONVERSION = YES;
				CLANG_WARN_INFINITE_RECURSION = YES;
				CLANG_WARN_INT_CONVERSION = YES;
				CLANG_WARN_NON_LITERAL_NULL_CONVERSION = YES;
				CLANG_WARN_OBJC_IMPLICIT_RETAIN_SELF = YES;
				CLANG_WARN_OBJC_LITERAL_CONVERSION = YES;
				CLANG_WARN_OBJC_ROOT_CLASS = YES_ERROR;
				CLANG_WARN_RANGE_LOOP_ANALYSIS = YES;
				CLANG_WARN_STRICT_PROTOTYPES = YES;
				CLANG_WARN_SUSPICIOUS_MOVE = YES;
				CLANG_WARN_UNGUARDED_AVAILABILITY = YES_AGGRESSIVE;
				CLANG_WARN_UNREACHABLE_CODE = YES;
				CLANG_WARN__DUPLICATE_METHOD_MATCH = YES;
				COPY_PHASE_STRIP = NO;
				DEBUG_INFORMATION_FORMAT = dwarf;
				ENABLE_STRICT_OBJC_MSGSEND = YES;
				ENABLE_TESTABILITY = YES;
				GCC_C_LANGUAGE_STANDARD = gnu11;
				GCC_DYNAMIC_NO_PIC = NO;
				GCC_NO_COMMON_BLOCKS = YES;
				GCC_OPTIMIZATION_LEVEL = 0;
				GCC_PREPROCESSOR_DEFINITIONS = (
					"DEBUG=1",
					"$(inherited)",
				);
				GCC_WARN_64_TO_32_BIT_CONVERSION = YES;
				GCC_WARN_ABOUT_RETURN_TYPE = YES_ERROR;
				GCC_WARN_UNDECLARED_SELECTOR = YES;
				GCC_WARN_UNINITIALIZED_AUTOS = YES_AGGRESSIVE;
				GCC_WARN_UNUSED_FUNCTION = YES;
				GCC_WARN_UNUSED_VARIABLE = YES;
				IPHONEOS_DEPLOYMENT_TARGET = 13.4;
				MTL_ENABLE_DEBUG_INFO = INCLUDE_SOURCE;
				MTL_FAST_MATH = YES;
				ONLY_ACTIVE_ARCH = YES;
				SDKROOT = iphoneos;
				SWIFT_ACTIVE_COMPILATION_CONDITIONS = DEBUG;
				SWIFT_OPTIMIZATION_LEVEL = "-Onone";
			};
			name = Debug;
		};
		5F0CAC04245F47A1005EF8BD /* Release */ = {
			isa = XCBuildConfiguration;
			buildSettings = {
				ALWAYS_SEARCH_USER_PATHS = NO;
				CLANG_ANALYZER_NONNULL = YES;
				CLANG_ANALYZER_NUMBER_OBJECT_CONVERSION = YES_AGGRESSIVE;
				CLANG_CXX_LANGUAGE_STANDARD = "gnu++14";
				CLANG_CXX_LIBRARY = "libc++";
				CLANG_ENABLE_MODULES = YES;
				CLANG_ENABLE_OBJC_ARC = YES;
				CLANG_ENABLE_OBJC_WEAK = YES;
				CLANG_WARN_BLOCK_CAPTURE_AUTORELEASING = YES;
				CLANG_WARN_BOOL_CONVERSION = YES;
				CLANG_WARN_COMMA = YES;
				CLANG_WARN_CONSTANT_CONVERSION = YES;
				CLANG_WARN_DEPRECATED_OBJC_IMPLEMENTATIONS = YES;
				CLANG_WARN_DIRECT_OBJC_ISA_USAGE = YES_ERROR;
				CLANG_WARN_DOCUMENTATION_COMMENTS = YES;
				CLANG_WARN_EMPTY_BODY = YES;
				CLANG_WARN_ENUM_CONVERSION = YES;
				CLANG_WARN_INFINITE_RECURSION = YES;
				CLANG_WARN_INT_CONVERSION = YES;
				CLANG_WARN_NON_LITERAL_NULL_CONVERSION = YES;
				CLANG_WARN_OBJC_IMPLICIT_RETAIN_SELF = YES;
				CLANG_WARN_OBJC_LITERAL_CONVERSION = YES;
				CLANG_WARN_OBJC_ROOT_CLASS = YES_ERROR;
				CLANG_WARN_RANGE_LOOP_ANALYSIS = YES;
				CLANG_WARN_STRICT_PROTOTYPES = YES;
				CLANG_WARN_SUSPICIOUS_MOVE = YES;
				CLANG_WARN_UNGUARDED_AVAILABILITY = YES_AGGRESSIVE;
				CLANG_WARN_UNREACHABLE_CODE = YES;
				CLANG_WARN__DUPLICATE_METHOD_MATCH = YES;
				COPY_PHASE_STRIP = NO;
				DEBUG_INFORMATION_FORMAT = "dwarf-with-dsym";
				ENABLE_NS_ASSERTIONS = NO;
				ENABLE_STRICT_OBJC_MSGSEND = YES;
				GCC_C_LANGUAGE_STANDARD = gnu11;
				GCC_NO_COMMON_BLOCKS = YES;
				GCC_WARN_64_TO_32_BIT_CONVERSION = YES;
				GCC_WARN_ABOUT_RETURN_TYPE = YES_ERROR;
				GCC_WARN_UNDECLARED_SELECTOR = YES;
				GCC_WARN_UNINITIALIZED_AUTOS = YES_AGGRESSIVE;
				GCC_WARN_UNUSED_FUNCTION = YES;
				GCC_WARN_UNUSED_VARIABLE = YES;
				IPHONEOS_DEPLOYMENT_TARGET = 13.4;
				MTL_ENABLE_DEBUG_INFO = NO;
				MTL_FAST_MATH = YES;
				SDKROOT = iphoneos;
				SWIFT_COMPILATION_MODE = wholemodule;
				SWIFT_OPTIMIZATION_LEVEL = "-O";
				VALIDATE_PRODUCT = YES;
			};
			name = Release;
		};
		5F0CAC06245F47A1005EF8BD /* Debug */ = {
			isa = XCBuildConfiguration;
			buildSettings = {
				ASSETCATALOG_COMPILER_APPICON_NAME = AppIcon;
				CODE_SIGN_STYLE = Automatic;
				INFOPLIST_FILE = PokemonList/Info.plist;
				LD_RUNPATH_SEARCH_PATHS = (
					"$(inherited)",
					"@executable_path/Frameworks",
				);
				PRODUCT_BUNDLE_IDENTIFIER = Chinh.PokemonList;
				PRODUCT_NAME = "$(TARGET_NAME)";
				SWIFT_VERSION = 5.0;
				TARGETED_DEVICE_FAMILY = "1,2";
			};
			name = Debug;
		};
		5F0CAC07245F47A1005EF8BD /* Release */ = {
			isa = XCBuildConfiguration;
			buildSettings = {
				ASSETCATALOG_COMPILER_APPICON_NAME = AppIcon;
				CODE_SIGN_STYLE = Automatic;
				INFOPLIST_FILE = PokemonList/Info.plist;
				LD_RUNPATH_SEARCH_PATHS = (
					"$(inherited)",
					"@executable_path/Frameworks",
				);
				PRODUCT_BUNDLE_IDENTIFIER = Chinh.PokemonList;
				PRODUCT_NAME = "$(TARGET_NAME)";
				SWIFT_VERSION = 5.0;
				TARGETED_DEVICE_FAMILY = "1,2";
			};
			name = Release;
		};
/* End XCBuildConfiguration section */

/* Begin XCConfigurationList section */
		5F0CABEC245F479F005EF8BD /* Build configuration list for PBXProject "PokemonList" */ = {
			isa = XCConfigurationList;
			buildConfigurations = (
				5F0CAC03245F47A1005EF8BD /* Debug */,
				5F0CAC04245F47A1005EF8BD /* Release */,
			);
			defaultConfigurationIsVisible = 0;
			defaultConfigurationName = Release;
		};
		5F0CAC05245F47A1005EF8BD /* Build configuration list for PBXNativeTarget "PokemonList" */ = {
			isa = XCConfigurationList;
			buildConfigurations = (
				5F0CAC06245F47A1005EF8BD /* Debug */,
				5F0CAC07245F47A1005EF8BD /* Release */,
			);
			defaultConfigurationIsVisible = 0;
			defaultConfigurationName = Release;
		};
/* End XCConfigurationList section */
	};
	rootObject = 5F0CABE9245F479F005EF8BD /* Project object */;
}
